{
  "name": "blog-views",
  "requires": true,
  "lockfileVersion": 1,
  "dependencies": {
    "is-absolute-url": {
      "version": "3.0.0",
      "resolved": "https://registry.npmjs.org/is-absolute-url/-/is-absolute-url-3.0.0.tgz",
      "integrity": "sha512-3OkP8XrM2Xq4/IxsJnClfMp3OaM3TAatLPLKPeWcxLBTrpe6hihwtX+XZfJTcXg/FTRi4qjy0y/C5qiyNxY24g=="
    }
  }
}
